
Microsoft Visual Studio Solution File, Format Version 12.00
Project("{2150E333-8FDC-42A3-9474-1A3956D46DE8}") = "src", "src", "{BF4BA192-A551-4C35-9B6A-81321D3C6B88}"
EndProject
Project("{2150E333-8FDC-42A3-9474-1A3956D46DE8}") = "tests", "tests", "{8B1E0A7F-6A51-4D85-917A-F2028F8AE8EF}"
EndProject
Project("{FAE04EC0-301F-11D3-BF4B-00C04F79EFBC}") = "Genetic.GhostWriter", "src\Genetic.GhostWriter\Genetic.GhostWriter.csproj", "{564D32E7-4564-44DA-B3FA-8B450ABEC6FB}"
EndProject
Project("{FAE04EC0-301F-11D3-BF4B-00C04F79EFBC}") = "Genetic.GhostWriter.Api", "src\Genetic.GhostWriter.Api\Genetic.GhostWriter.Api.csproj", "{D068341C-F6A6-4EF2-8FF4-2370CCD2579B}"
EndProject
Project("{FAE04EC0-301F-11D3-BF4B-00C04F79EFBC}") = "Genetic.GhostWriter.Populate", "src\Genetic.GhostWriter.Populate\Genetic.GhostWriter.Populate.csproj", "{8240C5E3-9AC9-4AC5-8C52-26DCBF8A8DFC}"
EndProject
Global
	GlobalSection(SolutionConfigurationPlatforms) = preSolution
		Debug|Any CPU = Debug|Any CPU
		Release|Any CPU = Release|Any CPU
	EndGlobalSection
	GlobalSection(NestedProjects) = preSolution
		{564D32E7-4564-44DA-B3FA-8B450ABEC6FB} = {BF4BA192-A551-4C35-9B6A-81321D3C6B88}
		{D068341C-F6A6-4EF2-8FF4-2370CCD2579B} = {BF4BA192-A551-4C35-9B6A-81321D3C6B88}
		{8240C5E3-9AC9-4AC5-8C52-26DCBF8A8DFC} = {BF4BA192-A551-4C35-9B6A-81321D3C6B88}
	EndGlobalSection
	GlobalSection(ProjectConfigurationPlatforms) = postSolution
		{564D32E7-4564-44DA-B3FA-8B450ABEC6FB}.Debug|Any CPU.ActiveCfg = Debug|Any CPU
		{564D32E7-4564-44DA-B3FA-8B450ABEC6FB}.Debug|Any CPU.Build.0 = Debug|Any CPU
		{564D32E7-4564-44DA-B3FA-8B450ABEC6FB}.Release|Any CPU.ActiveCfg = Release|Any CPU
		{564D32E7-4564-44DA-B3FA-8B450ABEC6FB}.Release|Any CPU.Build.0 = Release|Any CPU
		{D068341C-F6A6-4EF2-8FF4-2370CCD2579B}.Debug|Any CPU.ActiveCfg = Debug|Any CPU
		{D068341C-F6A6-4EF2-8FF4-2370CCD2579B}.Debug|Any CPU.Build.0 = Debug|Any CPU
		{D068341C-F6A6-4EF2-8FF4-2370CCD2579B}.Release|Any CPU.ActiveCfg = Release|Any CPU
		{D068341C-F6A6-4EF2-8FF4-2370CCD2579B}.Release|Any CPU.Build.0 = Release|Any CPU
		{8240C5E3-9AC9-4AC5-8C52-26DCBF8A8DFC}.Debug|Any CPU.ActiveCfg = Debug|Any CPU
		{8240C5E3-9AC9-4AC5-8C52-26DCBF8A8DFC}.Debug|Any CPU.Build.0 = Debug|Any CPU
		{8240C5E3-9AC9-4AC5-8C52-26DCBF8A8DFC}.Release|Any CPU.ActiveCfg = Release|Any CPU
		{8240C5E3-9AC9-4AC5-8C52-26DCBF8A8DFC}.Release|Any CPU.Build.0 = Release|Any CPU
	EndGlobalSection
EndGlobal
